// !$*UTF8*$!
{
	archiveVersion = 1;
	classes = {
	};
	objectVersion = 46;
	objects = {

/* Begin PBXBuildFile section */
		E88C78301B57790900C64524 /* AppDelegate.swift in Sources */ = {isa = PBXBuildFile; fileRef = E88C782F1B57790900C64524 /* AppDelegate.swift */; };
		E88C78321B57790900C64524 /* GameScene.sks in Resources */ = {isa = PBXBuildFile; fileRef = E88C78311B57790900C64524 /* GameScene.sks */; };
		E88C78341B57790900C64524 /* GameScene.swift in Sources */ = {isa = PBXBuildFile; fileRef = E88C78331B57790900C64524 /* GameScene.swift */; };
		E88C78361B57790900C64524 /* GameViewController.swift in Sources */ = {isa = PBXBuildFile; fileRef = E88C78351B57790900C64524 /* GameViewController.swift */; };
		E88C78391B57790900C64524 /* Main.storyboard in Resources */ = {isa = PBXBuildFile; fileRef = E88C78371B57790900C64524 /* Main.storyboard */; };
		E88C783B1B57790900C64524 /* Images.xcassets in Resources */ = {isa = PBXBuildFile; fileRef = E88C783A1B57790900C64524 /* Images.xcassets */; };
		E88C783E1B57790900C64524 /* LaunchScreen.xib in Resources */ = {isa = PBXBuildFile; fileRef = E88C783C1B57790900C64524 /* LaunchScreen.xib */; };
		E88C784A1B57790900C64524 /* SpaceGameTests.swift in Sources */ = {isa = PBXBuildFile; fileRef = E88C78491B57790900C64524 /* SpaceGameTests.swift */; };
		E88C78571B57797E00C64524 /* alien@2x.png in Resources */ = {isa = PBXBuildFile; fileRef = E88C78541B57797E00C64524 /* alien@2x.png */; };
		E88C78581B57797E00C64524 /* shuttle@2x.png in Resources */ = {isa = PBXBuildFile; fileRef = E88C78551B57797E00C64524 /* shuttle@2x.png */; };
		E88C78591B57797E00C64524 /* torpedo@2x.png in Resources */ = {isa = PBXBuildFile; fileRef = E88C78561B57797E00C64524 /* torpedo@2x.png */; };
		E88C785D1B5779A100C64524 /* bgmusic.mp3 in Resources */ = {isa = PBXBuildFile; fileRef = E88C785B1B5779A100C64524 /* bgmusic.mp3 */; };
		E88C785E1B5779A100C64524 /* torpedo.mp3 in Resources */ = {isa = PBXBuildFile; fileRef = E88C785C1B5779A100C64524 /* torpedo.mp3 */; };
		E88C78601B577EF400C64524 /* bgmusic2.mp3 in Resources */ = {isa = PBXBuildFile; fileRef = E88C785F1B577EF400C64524 /* bgmusic2.mp3 */; };
		E88C78621B57914700C64524 /* GameOverScene.swift in Sources */ = {isa = PBXBuildFile; fileRef = E88C78611B57914700C64524 /* GameOverScene.swift */; };
/* End PBXBuildFile section */

/* Begin PBXContainerItemProxy section */
		E88C78441B57790900C64524 /* PBXContainerItemProxy */ = {
			isa = PBXContainerItemProxy;
			containerPortal = E88C78221B57790900C64524 /* Project object */;
			proxyType = 1;
			remoteGlobalIDString = E88C78291B57790900C64524;
			remoteInfo = SpaceGame;
		};
/* End PBXContainerItemProxy section */

/* Begin PBXFileReference section */
		E88C782A1B57790900C64524 /* SpaceGame.app */ = {isa = PBXFileReference; explicitFileType = wrapper.application; includeInIndex = 0; path = SpaceGame.app; sourceTree = BUILT_PRODUCTS_DIR; };
		E88C782E1B57790900C64524 /* Info.plist */ = {isa = PBXFileReference; lastKnownFileType = text.plist.xml; path = Info.plist; sourceTree = "<group>"; };
		E88C782F1B57790900C64524 /* AppDelegate.swift */ = {isa = PBXFileReference; lastKnownFileType = sourcecode.swift; path = AppDelegate.swift; sourceTree = "<group>"; };
		E88C78311B57790900C64524 /* GameScene.sks */ = {isa = PBXFileReference; lastKnownFileType = file.sks; path = GameScene.sks; sourceTree = "<group>"; };
		E88C78331B57790900C64524 /* GameScene.swift */ = {isa = PBXFileReference; lastKnownFileType = sourcecode.swift; path = GameScene.swift; sourceTree = "<group>"; };
		E88C78351B57790900C64524 /* GameViewController.swift */ = {isa = PBXFileReference; lastKnownFileType = sourcecode.swift; path = GameViewController.swift; sourceTree = "<group>"; xcLanguageSpecificationIdentifier = xcode.lang.swift; };
		E88C78381B57790900C64524 /* Base */ = {isa = PBXFileReference; lastKnownFileType = file.storyboard; name = Base; path = Base.lproj/Main.storyboard; sourceTree = "<group>"; };
		E88C783A1B57790900C64524 /* Images.xcassets */ = {isa = PBXFileReference; lastKnownFileType = folder.assetcatalog; path = Images.xcassets; sourceTree = "<group>"; };
		E88C783D1B57790900C64524 /* Base */ = {isa = PBXFileReference; lastKnownFileType = file.xib; name = Base; path = Base.lproj/LaunchScreen.xib; sourceTree = "<group>"; };
		E88C78431B57790900C64524 /* SpaceGameTests.xctest */ = {isa = PBXFileReference; explicitFileType = wrapper.cfbundle; includeInIndex = 0; path = SpaceGameTests.xctest; sourceTree = BUILT_PRODUCTS_DIR; };
		E88C78481B57790900C64524 /* Info.plist */ = {isa = PBXFileReference; lastKnownFileType = text.plist.xml; path = Info.plist; sourceTree = "<group>"; };
		E88C78491B57790900C64524 /* SpaceGameTests.swift */ = {isa = PBXFileReference; lastKnownFileType = sourcecode.swift; path = SpaceGameTests.swift; sourceTree = "<group>"; };
		E88C78541B57797E00C64524 /* alien@2x.png */ = {isa = PBXFileReference; lastKnownFileType = image.png; path = "alien@2x.png"; sourceTree = "<group>"; };
		E88C78551B57797E00C64524 /* shuttle@2x.png */ = {isa = PBXFileReference; lastKnownFileType = image.png; path = "shuttle@2x.png"; sourceTree = "<group>"; };
		E88C78561B57797E00C64524 /* torpedo@2x.png */ = {isa = PBXFileReference; lastKnownFileType = image.png; path = "torpedo@2x.png"; sourceTree = "<group>"; };
		E88C785B1B5779A100C64524 /* bgmusic.mp3 */ = {isa = PBXFileReference; lastKnownFileType = audio.mp3; path = bgmusic.mp3; sourceTree = "<group>"; };
		E88C785C1B5779A100C64524 /* torpedo.mp3 */ = {isa = PBXFileReference; lastKnownFileType = audio.mp3; path = torpedo.mp3; sourceTree = "<group>"; };
		E88C785F1B577EF400C64524 /* bgmusic2.mp3 */ = {isa = PBXFileReference; lastKnownFileType = audio.mp3; path = bgmusic2.mp3; sourceTree = "<group>"; };
		E88C78611B57914700C64524 /* GameOverScene.swift */ = {isa = PBXFileReference; fileEncoding = 4; lastKnownFileType = sourcecode.swift; path = GameOverScene.swift; sourceTree = "<group>"; };
/* End PBXFileReference section */

/* Begin PBXFrameworksBuildPhase section */
		E88C78271B57790900C64524 /* Frameworks */ = {
			isa = PBXFrameworksBuildPhase;
			buildActionMask = 2147483647;
			files = (
			);
			runOnlyForDeploymentPostprocessing = 0;
		};
		E88C78401B57790900C64524 /* Frameworks */ = {
			isa = PBXFrameworksBuildPhase;
			buildActionMask = 2147483647;
			files = (
			);
			runOnlyForDeploymentPostprocessing = 0;
		};
/* End PBXFrameworksBuildPhase section */

/* Begin PBXGroup section */
		E88C78211B57790900C64524 = {
			isa = PBXGroup;
			children = (
				E88C782C1B57790900C64524 /* SpaceGame */,
				E88C78461B57790900C64524 /* SpaceGameTests */,
				E88C782B1B57790900C64524 /* Products */,
			);
			sourceTree = "<group>";
		};
		E88C782B1B57790900C64524 /* Products */ = {
			isa = PBXGroup;
			children = (
				E88C782A1B57790900C64524 /* SpaceGame.app */,
				E88C78431B57790900C64524 /* SpaceGameTests.xctest */,
			);
			name = Products;
			sourceTree = "<group>";
		};
		E88C782C1B57790900C64524 /* SpaceGame */ = {
			isa = PBXGroup;
			children = (
				E88C78611B57914700C64524 /* GameOverScene.swift */,
				E88C782F1B57790900C64524 /* AppDelegate.swift */,
				E88C78311B57790900C64524 /* GameScene.sks */,
				E88C78331B57790900C64524 /* GameScene.swift */,
				E88C78351B57790900C64524 /* GameViewController.swift */,
				E88C785A1B57798A00C64524 /* sounds */,
				E88C78531B57793100C64524 /* sprites.atlas */,
				E88C78371B57790900C64524 /* Main.storyboard */,
				E88C783A1B57790900C64524 /* Images.xcassets */,
				E88C783C1B57790900C64524 /* LaunchScreen.xib */,
				E88C782D1B57790900C64524 /* Supporting Files */,
			);
			path = SpaceGame;
			sourceTree = "<group>";
		};
		E88C782D1B57790900C64524 /* Supporting Files */ = {
			isa = PBXGroup;
			children = (
				E88C782E1B57790900C64524 /* Info.plist */,
			);
			name = "Supporting Files";
			sourceTree = "<group>";
		};
		E88C78461B57790900C64524 /* SpaceGameTests */ = {
			isa = PBXGroup;
			children = (
				E88C78491B57790900C64524 /* SpaceGameTests.swift */,
				E88C78471B57790900C64524 /* Supporting Files */,
			);
			path = SpaceGameTests;
			sourceTree = "<group>";
		};
		E88C78471B57790900C64524 /* Supporting Files */ = {
			isa = PBXGroup;
			children = (
				E88C78481B57790900C64524 /* Info.plist */,
			);
			name = "Supporting Files";
			sourceTree = "<group>";
		};
		E88C78531B57793100C64524 /* sprites.atlas */ = {
			isa = PBXGroup;
			children = (
				E88C78541B57797E00C64524 /* alien@2x.png */,
				E88C78551B57797E00C64524 /* shuttle@2x.png */,
				E88C78561B57797E00C64524 /* torpedo@2x.png */,
			);
			name = sprites.atlas;
			sourceTree = "<group>";
		};
		E88C785A1B57798A00C64524 /* sounds */ = {
			isa = PBXGroup;
			children = (
				E88C785F1B577EF400C64524 /* bgmusic2.mp3 */,
				E88C785B1B5779A100C64524 /* bgmusic.mp3 */,
				E88C785C1B5779A100C64524 /* torpedo.mp3 */,
			);
			name = sounds;
			sourceTree = "<group>";
		};
/* End PBXGroup section */

/* Begin PBXNativeTarget section */
		E88C78291B57790900C64524 /* SpaceGame */ = {
			isa = PBXNativeTarget;
			buildConfigurationList = E88C784D1B57790900C64524 /* Build configuration list for PBXNativeTarget "SpaceGame" */;
			buildPhases = (
				E88C78261B57790900C64524 /* Sources */,
				E88C78271B57790900C64524 /* Frameworks */,
				E88C78281B57790900C64524 /* Resources */,
			);
			buildRules = (
			);
			dependencies = (
			);
			name = SpaceGame;
			productName = SpaceGame;
			productReference = E88C782A1B57790900C64524 /* SpaceGame.app */;
			productType = "com.apple.product-type.application";
		};
		E88C78421B57790900C64524 /* SpaceGameTests */ = {
			isa = PBXNativeTarget;
			buildConfigurationList = E88C78501B57790900C64524 /* Build configuration list for PBXNativeTarget "SpaceGameTests" */;
			buildPhases = (
				E88C783F1B57790900C64524 /* Sources */,
				E88C78401B57790900C64524 /* Frameworks */,
				E88C78411B57790900C64524 /* Resources */,
			);
			buildRules = (
			);
			dependencies = (
				E88C78451B57790900C64524 /* PBXTargetDependency */,
			);
			name = SpaceGameTests;
			productName = SpaceGameTests;
			productReference = E88C78431B57790900C64524 /* SpaceGameTests.xctest */;
			productType = "com.apple.product-type.bundle.unit-test";
		};
/* End PBXNativeTarget section */

/* Begin PBXProject section */
		E88C78221B57790900C64524 /* Project object */ = {
			isa = PBXProject;
			attributes = {
				LastUpgradeCheck = 0600;
				ORGANIZATIONNAME = "Keenan Sturtevant";
				TargetAttributes = {
					E88C78291B57790900C64524 = {
						CreatedOnToolsVersion = 6.0;
					};
					E88C78421B57790900C64524 = {
						CreatedOnToolsVersion = 6.0;
						TestTargetID = E88C78291B57790900C64524;
					};
				};
			};
			buildConfigurationList = E88C78251B57790900C64524 /* Build configuration list for PBXProject "SpaceGame" */;
			compatibilityVersion = "Xcode 3.2";
			developmentRegion = English;
			hasScannedForEncodings = 0;
			knownRegions = (
				en,
				Base,
			);
			mainGroup = E88C78211B57790900C64524;
			productRefGroup = E88C782B1B57790900C64524 /* Products */;
			projectDirPath = "";
			projectRoot = "";
			targets = (
				E88C78291B57790900C64524 /* SpaceGame */,
				E88C78421B57790900C64524 /* SpaceGameTests */,
			);
		};
/* End PBXProject section */

/* Begin PBXResourcesBuildPhase section */
		E88C78281B57790900C64524 /* Resources */ = {
			isa = PBXResourcesBuildPhase;
			buildActionMask = 2147483647;
			files = (
				E88C78581B57797E00C64524 /* shuttle@2x.png in Resources */,
				E88C78601B577EF400C64524 /* bgmusic2.mp3 in Resources */,
				E88C78571B57797E00C64524 /* alien@2x.png in Resources */,
				E88C783E1B57790900C64524 /* LaunchScreen.xib in Resources */,
				E88C785D1B5779A100C64524 /* bgmusic.mp3 in Resources */,
				E88C78591B57797E00C64524 /* torpedo@2x.png in Resources */,
				E88C783B1B57790900C64524 /* Images.xcassets in Resources */,
				E88C78321B57790900C64524 /* GameScene.sks in Resources */,
				E88C785E1B5779A100C64524 /* torpedo.mp3 in Resources */,
				E88C78391B57790900C64524 /* Main.storyboard in Resources */,
			);
			runOnlyForDeploymentPostprocessing = 0;
		};
		E88C78411B57790900C64524 /* Resources */ = {
			isa = PBXResourcesBuildPhase;
			buildActionMask = 2147483647;
			files = (
			);
			runOnlyForDeploymentPostprocessing = 0;
		};
/* End PBXResourcesBuildPhase section */

/* Begin PBXSourcesBuildPhase section */
		E88C78261B57790900C64524 /* Sources */ = {
			isa = PBXSourcesBuildPhase;
			buildActionMask = 2147483647;
			files = (
				E88C78341B57790900C64524 /* GameScene.swift in Sources */,
				E88C78361B57790900C64524 /* GameViewController.swift in Sources */,
				E88C78621B57914700C64524 /* GameOverScene.swift in Sources */,
				E88C78301B57790900C64524 /* AppDelegate.swift in Sources */,
			);
			runOnlyForDeploymentPostprocessing = 0;
		};
		E88C783F1B57790900C64524 /* Sources */ = {
			isa = PBXSourcesBuildPhase;
			buildActionMask = 2147483647;
			files = (
				E88C784A1B57790900C64524 /* SpaceGameTests.swift in Sources */,
			);
			runOnlyForDeploymentPostprocessing = 0;
		};
/* End PBXSourcesBuildPhase section */

/* Begin PBXTargetDependency section */
		E88C78451B57790900C64524 /* PBXTargetDependency */ = {
			isa = PBXTargetDependency;
			target = E88C78291B57790900C64524 /* SpaceGame */;
			targetProxy = E88C78441B57790900C64524 /* PBXContainerItemProxy */;
		};
/* End PBXTargetDependency section */

/* Begin PBXVariantGroup section */
		E88C78371B57790900C64524 /* Main.storyboard */ = {
			isa = PBXVariantGroup;
			children = (
				E88C78381B57790900C64524 /* Base */,
			);
			name = Main.storyboard;
			sourceTree = "<group>";
		};
		E88C783C1B57790900C64524 /* LaunchScreen.xib */ = {
			isa = PBXVariantGroup;
			children = (
				E88C783D1B57790900C64524 /* Base */,
			);
			name = LaunchScreen.xib;
			sourceTree = "<group>";
		};
/* End PBXVariantGroup section */

/* Begin XCBuildConfiguration section */
		E88C784B1B57790900C64524 /* Debug */ = {
			isa = XCBuildConfiguration;
			buildSettings = {
				ALWAYS_SEARCH_USER_PATHS = NO;
				CLANG_CXX_LANGUAGE_STANDARD = "gnu++0x";
				CLANG_CXX_LIBRARY = "libc++";
				CLANG_ENABLE_MODULES = YES;
				CLANG_ENABLE_OBJC_ARC = YES;
				CLANG_WARN_BOOL_CONVERSION = YES;
				CLANG_WARN_CONSTANT_CONVERSION = YES;
				CLANG_WARN_DIRECT_OBJC_ISA_USAGE = YES_ERROR;
				CLANG_WARN_EMPTY_BODY = YES;
				CLANG_WARN_ENUM_CONVERSION = YES;
				CLANG_WARN_INT_CONVERSION = YES;
				CLANG_WARN_OBJC_ROOT_CLASS = YES_ERROR;
				CLANG_WARN_UNREACHABLE_CODE = YES;
				CLANG_WARN__DUPLICATE_METHOD_MATCH = YES;
				"CODE_SIGN_IDENTITY[sdk=iphoneos*]" = "iPhone Developer";
				COPY_PHASE_STRIP = NO;
				ENABLE_STRICT_OBJC_MSGSEND = YES;
				GCC_C_LANGUAGE_STANDARD = gnu99;
				GCC_DYNAMIC_NO_PIC = NO;
				GCC_OPTIMIZATION_LEVEL = 0;
				GCC_PREPROCESSOR_DEFINITIONS = (
					"DEBUG=1",
					"$(inherited)",
				);
				GCC_SYMBOLS_PRIVATE_EXTERN = NO;
				GCC_WARN_64_TO_32_BIT_CONVERSION = YES;
				GCC_WARN_ABOUT_RETURN_TYPE = YES_ERROR;
				GCC_WARN_UNDECLARED_SELECTOR = YES;
				GCC_WARN_UNINITIALIZED_AUTOS = YES_AGGRESSIVE;
				GCC_WARN_UNUSED_FUNCTION = YES;
				GCC_WARN_UNUSED_VARIABLE = YES;
				IPHONEOS_DEPLOYMENT_TARGET = 8.0;
				MTL_ENABLE_DEBUG_INFO = YES;
				ONLY_ACTIVE_ARCH = YES;
				SDKROOT = iphoneos;
				SWIFT_OPTIMIZATION_LEVEL = "-Onone";
			};
			name = Debug;
		};
		E88C784C1B57790900C64524 /* Release */ = {
			isa = XCBuildConfiguration;
			buildSettings = {
				ALWAYS_SEARCH_USER_PATHS = NO;
				CLANG_CXX_LANGUAGE_STANDARD = "gnu++0x";
				CLANG_CXX_LIBRARY = "libc++";
				CLANG_ENABLE_MODULES = YES;
				CLANG_ENABLE_OBJC_ARC = YES;
				CLANG_WARN_BOOL_CONVERSION = YES;
				CLANG_WARN_CONSTANT_CONVERSION = YES;
				CLANG_WARN_DIRECT_OBJC_ISA_USAGE = YES_ERROR;
				CLANG_WARN_EMPTY_BODY = YES;
				CLANG_WARN_ENUM_CONVERSION = YES;
				CLANG_WARN_INT_CONVERSION = YES;
				CLANG_WARN_OBJC_ROOT_CLASS = YES_ERROR;
				CLANG_WARN_UNREACHABLE_CODE = YES;
				CLANG_WARN__DUPLICATE_METHOD_MATCH = YES;
				"CODE_SIGN_IDENTITY[sdk=iphoneos*]" = "iPhone Developer";
				COPY_PHASE_STRIP = YES;
				ENABLE_NS_ASSERTIONS = NO;
				ENABLE_STRICT_OBJC_MSGSEND = YES;
				GCC_C_LANGUAGE_STANDARD = gnu99;
				GCC_WARN_64_TO_32_BIT_CONVERSION = YES;
				GCC_WARN_ABOUT_RETURN_TYPE = YES_ERROR;
				GCC_WARN_UNDECLARED_SELECTOR = YES;
				GCC_WARN_UNINITIALIZED_AUTOS = YES_AGGRESSIVE;
				GCC_WARN_UNUSED_FUNCTION = YES;
				GCC_WARN_UNUSED_VARIABLE = YES;
				IPHONEOS_DEPLOYMENT_TARGET = 8.0;
				MTL_ENABLE_DEBUG_INFO = NO;
				SDKROOT = iphoneos;
				VALIDATE_PRODUCT = YES;
			};
			name = Release;
		};
		E88C784E1B57790900C64524 /* Debug */ = {
			isa = XCBuildConfiguration;
			buildSettings = {
				ASSETCATALOG_COMPILER_APPICON_NAME = AppIcon;
				INFOPLIST_FILE = SpaceGame/Info.plist;
				LD_RUNPATH_SEARCH_PATHS = "$(inherited) @executable_path/Frameworks";
				PRODUCT_NAME = "$(TARGET_NAME)";
			};
			name = Debug;
		};
		E88C784F1B57790900C64524 /* Release */ = {
			isa = XCBuildConfiguration;
			buildSettings = {
				ASSETCATALOG_COMPILER_APPICON_NAME = AppIcon;
				INFOPLIST_FILE = SpaceGame/Info.plist;
				LD_RUNPATH_SEARCH_PATHS = "$(inherited) @executable_path/Frameworks";
				PRODUCT_NAME = "$(TARGET_NAME)";
			};
			name = Release;
		};
		E88C78511B57790900C64524 /* Debug */ = {
			isa = XCBuildConfiguration;
			buildSettings = {
				BUNDLE_LOADER = "$(TEST_HOST)";
				FRAMEWORK_SEARCH_PATHS = (
					"$(SDKROOT)/Developer/Library/Frameworks",
					"$(inherited)",
				);
				GCC_PREPROCESSOR_DEFINITIONS = (
					"DEBUG=1",
					"$(inherited)",
				);
				INFOPLIST_FILE = SpaceGameTests/Info.plist;
				LD_RUNPATH_SEARCH_PATHS = "$(inherited) @executable_path/Frameworks @loader_path/Frameworks";
				PRODUCT_NAME = "$(TARGET_NAME)";
				TEST_HOST = "$(BUILT_PRODUCTS_DIR)/SpaceGame.app/SpaceGame";
			};
			name = Debug;
		};
		E88C78521B57790900C64524 /* Release */ = {
			isa = XCBuildConfiguration;
			buildSettings = {
				BUNDLE_LOADER = "$(TEST_HOST)";
				FRAMEWORK_SEARCH_PATHS = (
					"$(SDKROOT)/Developer/Library/Frameworks",
					"$(inherited)",
				);
				INFOPLIST_FILE = SpaceGameTests/Info.plist;
				LD_RUNPATH_SEARCH_PATHS = "$(inherited) @executable_path/Frameworks @loader_path/Frameworks";
				PRODUCT_NAME = "$(TARGET_NAME)";
				TEST_HOST = "$(BUILT_PRODUCTS_DIR)/SpaceGame.app/SpaceGame";
			};
			name = Release;
		};
/* End XCBuildConfiguration section */

/* Begin XCConfigurationList section */
		E88C78251B57790900C64524 /* Build configuration list for PBXProject "SpaceGame" */ = {
			isa = XCConfigurationList;
			buildConfigurations = (
				E88C784B1B57790900C64524 /* Debug */,
				E88C784C1B57790900C64524 /* Release */,
			);
			defaultConfigurationIsVisible = 0;
			defaultConfigurationName = Release;
		};
		E88C784D1B57790900C64524 /* Build configuration list for PBXNativeTarget "SpaceGame" */ = {
			isa = XCConfigurationList;
			buildConfigurations = (
				E88C784E1B57790900C64524 /* Debug */,
				E88C784F1B57790900C64524 /* Release */,
			);
			defaultConfigurationIsVisible = 0;
			defaultConfigurationName = Release;
		};
		E88C78501B57790900C64524 /* Build configuration list for PBXNativeTarget "SpaceGameTests" */ = {
			isa = XCConfigurationList;
			buildConfigurations = (
				E88C78511B57790900C64524 /* Debug */,
				E88C78521B57790900C64524 /* Release */,
			);
			defaultConfigurationIsVisible = 0;
			defaultConfigurationName = Release;
		};
/* End XCConfigurationList section */
	};
	rootObject = E88C78221B57790900C64524 /* Project object */;
}
